
Microsoft Visual Studio Solution File, Format Version 12.00
# Visual Studio 15
VisualStudioVersion = 15.0.27428.2037
MinimumVisualStudioVersion = 10.0.40219.1
Project("{FAE04EC0-301F-11D3-BF4B-00C04F79EFBC}") = "Tetas.API", "Tetas.API\Tetas.API.csproj", "{4DF2B73F-20C2-4D08-A220-964D244FAF63}"
EndProject
Project("{FAE04EC0-301F-11D3-BF4B-00C04F79EFBC}") = "Tetas.Front", "Tetas.Front\Tetas.Front.csproj", "{53E5C2CF-0E65-45E8-81F6-99B26E301C9E}"
EndProject
Project("{FAE04EC0-301F-11D3-BF4B-00C04F79EFBC}") = "Tetas.Front.Tests", "Tetas.Front.Tests\Tetas.Front.Tests.csproj", "{258CE2B0-C668-41AC-8C21-6C3E934BB92D}"
EndProject
Project("{FAE04EC0-301F-11D3-BF4B-00C04F79EFBC}") = "Tetas.Domain", "Tetas.Domain\Tetas.Domain.csproj", "{128BB702-9227-4EFC-A233-87EADC412BEA}"
EndProject
Project("{FAE04EC0-301F-11D3-BF4B-00C04F79EFBC}") = "Tetas.Tools", "Tetas.Tools\Tetas.Tools.csproj", "{A41CDFD5-2CEB-4D21-B734-9B1BC6675AC9}"
EndProject
Global
	GlobalSection(SolutionConfigurationPlatforms) = preSolution
		Debug|Any CPU = Debug|Any CPU
		Release|Any CPU = Release|Any CPU
	EndGlobalSection
	GlobalSection(ProjectConfigurationPlatforms) = postSolution
		{4DF2B73F-20C2-4D08-A220-964D244FAF63}.Debug|Any CPU.ActiveCfg = Debug|Any CPU
		{4DF2B73F-20C2-4D08-A220-964D244FAF63}.Debug|Any CPU.Build.0 = Debug|Any CPU
		{4DF2B73F-20C2-4D08-A220-964D244FAF63}.Release|Any CPU.ActiveCfg = Release|Any CPU
		{4DF2B73F-20C2-4D08-A220-964D244FAF63}.Release|Any CPU.Build.0 = Release|Any CPU
		{53E5C2CF-0E65-45E8-81F6-99B26E301C9E}.Debug|Any CPU.ActiveCfg = Debug|Any CPU
		{53E5C2CF-0E65-45E8-81F6-99B26E301C9E}.Debug|Any CPU.Build.0 = Debug|Any CPU
		{53E5C2CF-0E65-45E8-81F6-99B26E301C9E}.Release|Any CPU.ActiveCfg = Release|Any CPU
		{53E5C2CF-0E65-45E8-81F6-99B26E301C9E}.Release|Any CPU.Build.0 = Release|Any CPU
		{258CE2B0-C668-41AC-8C21-6C3E934BB92D}.Debug|Any CPU.ActiveCfg = Debug|Any CPU
		{258CE2B0-C668-41AC-8C21-6C3E934BB92D}.Debug|Any CPU.Build.0 = Debug|Any CPU
		{258CE2B0-C668-41AC-8C21-6C3E934BB92D}.Release|Any CPU.ActiveCfg = Release|Any CPU
		{258CE2B0-C668-41AC-8C21-6C3E934BB92D}.Release|Any CPU.Build.0 = Release|Any CPU
		{128BB702-9227-4EFC-A233-87EADC412BEA}.Debug|Any CPU.ActiveCfg = Debug|Any CPU
		{128BB702-9227-4EFC-A233-87EADC412BEA}.Debug|Any CPU.Build.0 = Debug|Any CPU
		{128BB702-9227-4EFC-A233-87EADC412BEA}.Release|Any CPU.ActiveCfg = Release|Any CPU
		{128BB702-9227-4EFC-A233-87EADC412BEA}.Release|Any CPU.Build.0 = Release|Any CPU
		{A41CDFD5-2CEB-4D21-B734-9B1BC6675AC9}.Debug|Any CPU.ActiveCfg = Debug|Any CPU
		{A41CDFD5-2CEB-4D21-B734-9B1BC6675AC9}.Debug|Any CPU.Build.0 = Debug|Any CPU
		{A41CDFD5-2CEB-4D21-B734-9B1BC6675AC9}.Release|Any CPU.ActiveCfg = Release|Any CPU
		{A41CDFD5-2CEB-4D21-B734-9B1BC6675AC9}.Release|Any CPU.Build.0 = Release|Any CPU
	EndGlobalSection
	GlobalSection(SolutionProperties) = preSolution
		HideSolutionNode = FALSE
	EndGlobalSection
	GlobalSection(ExtensibilityGlobals) = postSolution
		SolutionGuid = {F7FFD675-BCF9-4823-AB3D-0EFCB4AB35EA}
	EndGlobalSection
EndGlobal
