
Microsoft Visual Studio Solution File, Format Version 12.00
# Visual Studio 15
VisualStudioVersion = 15.0.27428.2015
MinimumVisualStudioVersion = 10.0.40219.1
Project("{FAE04EC0-301F-11D3-BF4B-00C04F79EFBC}") = "PsNetwork.Backend", "PsNetwork.Backend\PsNetwork.Backend.csproj", "{F81096FF-B1FB-47DD-B439-F23FFEFCD652}"
EndProject
Project("{FAE04EC0-301F-11D3-BF4B-00C04F79EFBC}") = "PsNetwork.Frontend", "PsNetwork.Frontend\PsNetwork.Frontend.csproj", "{2896AEC7-CA62-4C1E-909F-1E20AD6B2F50}"
EndProject
Project("{FAE04EC0-301F-11D3-BF4B-00C04F79EFBC}") = "WebApplication1", "WebApplication1\WebApplication1.csproj", "{CBB428CA-9057-4E6B-85EE-60EB9F3A02DA}"
EndProject
Global
	GlobalSection(SolutionConfigurationPlatforms) = preSolution
		Debug|Any CPU = Debug|Any CPU
		Release|Any CPU = Release|Any CPU
	EndGlobalSection
	GlobalSection(ProjectConfigurationPlatforms) = postSolution
		{F81096FF-B1FB-47DD-B439-F23FFEFCD652}.Debug|Any CPU.ActiveCfg = Debug|Any CPU
		{F81096FF-B1FB-47DD-B439-F23FFEFCD652}.Debug|Any CPU.Build.0 = Debug|Any CPU
		{F81096FF-B1FB-47DD-B439-F23FFEFCD652}.Release|Any CPU.ActiveCfg = Release|Any CPU
		{F81096FF-B1FB-47DD-B439-F23FFEFCD652}.Release|Any CPU.Build.0 = Release|Any CPU
		{2896AEC7-CA62-4C1E-909F-1E20AD6B2F50}.Debug|Any CPU.ActiveCfg = Debug|Any CPU
		{2896AEC7-CA62-4C1E-909F-1E20AD6B2F50}.Debug|Any CPU.Build.0 = Debug|Any CPU
		{2896AEC7-CA62-4C1E-909F-1E20AD6B2F50}.Release|Any CPU.ActiveCfg = Release|Any CPU
		{2896AEC7-CA62-4C1E-909F-1E20AD6B2F50}.Release|Any CPU.Build.0 = Release|Any CPU
		{CBB428CA-9057-4E6B-85EE-60EB9F3A02DA}.Debug|Any CPU.ActiveCfg = Debug|Any CPU
		{CBB428CA-9057-4E6B-85EE-60EB9F3A02DA}.Debug|Any CPU.Build.0 = Debug|Any CPU
		{CBB428CA-9057-4E6B-85EE-60EB9F3A02DA}.Release|Any CPU.ActiveCfg = Release|Any CPU
		{CBB428CA-9057-4E6B-85EE-60EB9F3A02DA}.Release|Any CPU.Build.0 = Release|Any CPU
	EndGlobalSection
	GlobalSection(SolutionProperties) = preSolution
		HideSolutionNode = FALSE
	EndGlobalSection
	GlobalSection(ExtensibilityGlobals) = postSolution
		SolutionGuid = {54E7F8E4-0831-44CC-87E6-98E886181472}
	EndGlobalSection
EndGlobal
